
Microsoft Visual Studio Solution File, Format Version 12.00
# Visual Studio 2013
VisualStudioVersion = 12.0.21005.1
MinimumVisualStudioVersion = 10.0.40219.1
Project("{FAE04EC0-301F-11D3-BF4B-00C04F79EFBC}") = "SecureHeartbeat", "SecureHeartbeat\SecureHeartbeat.csproj", "{643BF92A-B091-40B1-934B-94DA4C5FD9E4}"
EndProject
Project("{FAE04EC0-301F-11D3-BF4B-00C04F79EFBC}") = "TrackingAgent", "TrackingAgent\TrackingAgent.csproj", "{E258A6CB-F0A1-45AA-9122-D374BDCE0550}"
EndProject
Project("{FAE04EC0-301F-11D3-BF4B-00C04F79EFBC}") = "SHClassLibrary", "SHClassLibrary\SHClassLibrary.csproj", "{45EA7E8D-D3BF-4866-A16C-37B5BBA3B169}"
EndProject
Global
	GlobalSection(SolutionConfigurationPlatforms) = preSolution
		Debug|Any CPU = Debug|Any CPU
		Debug|ARM = Debug|ARM
		Debug|x86 = Debug|x86
		Release|Any CPU = Release|Any CPU
		Release|ARM = Release|ARM
		Release|x86 = Release|x86
	EndGlobalSection
	GlobalSection(ProjectConfigurationPlatforms) = postSolution
		{643BF92A-B091-40B1-934B-94DA4C5FD9E4}.Debug|Any CPU.ActiveCfg = Debug|Any CPU
		{643BF92A-B091-40B1-934B-94DA4C5FD9E4}.Debug|Any CPU.Build.0 = Debug|Any CPU
		{643BF92A-B091-40B1-934B-94DA4C5FD9E4}.Debug|Any CPU.Deploy.0 = Debug|Any CPU
		{643BF92A-B091-40B1-934B-94DA4C5FD9E4}.Debug|ARM.ActiveCfg = Debug|ARM
		{643BF92A-B091-40B1-934B-94DA4C5FD9E4}.Debug|ARM.Build.0 = Debug|ARM
		{643BF92A-B091-40B1-934B-94DA4C5FD9E4}.Debug|ARM.Deploy.0 = Debug|ARM
		{643BF92A-B091-40B1-934B-94DA4C5FD9E4}.Debug|x86.ActiveCfg = Debug|x86
		{643BF92A-B091-40B1-934B-94DA4C5FD9E4}.Debug|x86.Build.0 = Debug|x86
		{643BF92A-B091-40B1-934B-94DA4C5FD9E4}.Debug|x86.Deploy.0 = Debug|x86
		{643BF92A-B091-40B1-934B-94DA4C5FD9E4}.Release|Any CPU.ActiveCfg = Release|Any CPU
		{643BF92A-B091-40B1-934B-94DA4C5FD9E4}.Release|Any CPU.Build.0 = Release|Any CPU
		{643BF92A-B091-40B1-934B-94DA4C5FD9E4}.Release|Any CPU.Deploy.0 = Release|Any CPU
		{643BF92A-B091-40B1-934B-94DA4C5FD9E4}.Release|ARM.ActiveCfg = Release|ARM
		{643BF92A-B091-40B1-934B-94DA4C5FD9E4}.Release|ARM.Build.0 = Release|ARM
		{643BF92A-B091-40B1-934B-94DA4C5FD9E4}.Release|ARM.Deploy.0 = Release|ARM
		{643BF92A-B091-40B1-934B-94DA4C5FD9E4}.Release|x86.ActiveCfg = Release|x86
		{643BF92A-B091-40B1-934B-94DA4C5FD9E4}.Release|x86.Build.0 = Release|x86
		{643BF92A-B091-40B1-934B-94DA4C5FD9E4}.Release|x86.Deploy.0 = Release|x86
		{E258A6CB-F0A1-45AA-9122-D374BDCE0550}.Debug|Any CPU.ActiveCfg = Debug|Any CPU
		{E258A6CB-F0A1-45AA-9122-D374BDCE0550}.Debug|Any CPU.Build.0 = Debug|Any CPU
		{E258A6CB-F0A1-45AA-9122-D374BDCE0550}.Debug|ARM.ActiveCfg = Debug|ARM
		{E258A6CB-F0A1-45AA-9122-D374BDCE0550}.Debug|ARM.Build.0 = Debug|ARM
		{E258A6CB-F0A1-45AA-9122-D374BDCE0550}.Debug|x86.ActiveCfg = Debug|x86
		{E258A6CB-F0A1-45AA-9122-D374BDCE0550}.Debug|x86.Build.0 = Debug|x86
		{E258A6CB-F0A1-45AA-9122-D374BDCE0550}.Release|Any CPU.ActiveCfg = Release|Any CPU
		{E258A6CB-F0A1-45AA-9122-D374BDCE0550}.Release|Any CPU.Build.0 = Release|Any CPU
		{E258A6CB-F0A1-45AA-9122-D374BDCE0550}.Release|ARM.ActiveCfg = Release|ARM
		{E258A6CB-F0A1-45AA-9122-D374BDCE0550}.Release|ARM.Build.0 = Release|ARM
		{E258A6CB-F0A1-45AA-9122-D374BDCE0550}.Release|x86.ActiveCfg = Release|x86
		{E258A6CB-F0A1-45AA-9122-D374BDCE0550}.Release|x86.Build.0 = Release|x86
		{45EA7E8D-D3BF-4866-A16C-37B5BBA3B169}.Debug|Any CPU.ActiveCfg = Debug|Any CPU
		{45EA7E8D-D3BF-4866-A16C-37B5BBA3B169}.Debug|Any CPU.Build.0 = Debug|Any CPU
		{45EA7E8D-D3BF-4866-A16C-37B5BBA3B169}.Debug|ARM.ActiveCfg = Debug|ARM
		{45EA7E8D-D3BF-4866-A16C-37B5BBA3B169}.Debug|ARM.Build.0 = Debug|ARM
		{45EA7E8D-D3BF-4866-A16C-37B5BBA3B169}.Debug|x86.ActiveCfg = Debug|x86
		{45EA7E8D-D3BF-4866-A16C-37B5BBA3B169}.Debug|x86.Build.0 = Debug|x86
		{45EA7E8D-D3BF-4866-A16C-37B5BBA3B169}.Release|Any CPU.ActiveCfg = Release|Any CPU
		{45EA7E8D-D3BF-4866-A16C-37B5BBA3B169}.Release|Any CPU.Build.0 = Release|Any CPU
		{45EA7E8D-D3BF-4866-A16C-37B5BBA3B169}.Release|ARM.ActiveCfg = Release|ARM
		{45EA7E8D-D3BF-4866-A16C-37B5BBA3B169}.Release|ARM.Build.0 = Release|ARM
		{45EA7E8D-D3BF-4866-A16C-37B5BBA3B169}.Release|x86.ActiveCfg = Release|x86
		{45EA7E8D-D3BF-4866-A16C-37B5BBA3B169}.Release|x86.Build.0 = Release|x86
	EndGlobalSection
	GlobalSection(SolutionProperties) = preSolution
		HideSolutionNode = FALSE
	EndGlobalSection
EndGlobal
